# THIS IS AN AUTOGENERATED FILE. DO NOT EDIT THIS FILE DIRECTLY.
# yarn lockfile v1


ramda@^0.24.1:
  version "0.24.1"
  resolved "https://registry.yarnpkg.com/ramda/-/ramda-0.24.1.tgz#c3b7755197f35b8dc3502228262c4c91ddb6b857"

redux-saga@^0.15.6:
  version "0.15.6"
  resolved "https://registry.yarnpkg.com/redux-saga/-/redux-saga-0.15.6.tgz#8638dc522de6c6c0a496fe8b2b5466287ac2dc4d"
