# THIS IS AN AUTOGENERATED FILE. DO NOT EDIT THIS FILE DIRECTLY.
# yarn lockfile v1


"@setl/socketcluster-wrapper@http://si-nexus01.dev.setl.io/SETL_Modules/Generic_modules/socketcluster-wrapper.git":
  version "1.0.0"
  resolved "http://si-nexus01.dev.setl.io/SETL_Modules/Generic_modules/socketcluster-wrapper.git#88a105f3bef09f3071984af145d8b53487f0a880"
  dependencies:
    libsodium-wrappers "^0.5.2"
    lodash "^4.17.4"
    sha256 "^0.2.0"
    socketcluster-client "^6.3.0"

"@setl/vanilla-websocket-wrapper@http://si-nexus01.dev.setl.io/SETL_Modules/Generic_modules/vanilla_websocket_wrapper.git":
  version "1.0.0"
  resolved "http://si-nexus01.dev.setl.io/SETL_Modules/Generic_modules/vanilla_websocket_wrapper.git#51aaf1214f210262e5eaedf1f6f1489d48c87da7"
  dependencies:
    libsodium-wrappers "^0.5.2"

base-64@0.1.0:
  version "0.1.0"
  resolved "https://registry.yarnpkg.com/base-64/-/base-64-0.1.0.tgz#780a99c84e7d600260361511c4877613bf24f6bb"

clone@2.1.1:
  version "2.1.1"
  resolved "https://registry.yarnpkg.com/clone/-/clone-2.1.1.tgz#d217d1e961118e3ac9a4b8bba3285553bf647cdb"

component-emitter@1.2.0:
  version "1.2.0"
  resolved "https://registry.yarnpkg.com/component-emitter/-/component-emitter-1.2.0.tgz#ccd113a86388d06482d03de3fc7df98526ba8efe"

convert-hex@~0.1.0:
  version "0.1.0"
  resolved "https://registry.yarnpkg.com/convert-hex/-/convert-hex-0.1.0.tgz#08c04568922c27776b8a2e81a95d393362ea0b65"

convert-string@~0.1.0:
  version "0.1.0"
  resolved "https://registry.yarnpkg.com/convert-string/-/convert-string-0.1.0.tgz#79ce41a9bb0d03bcf72cdc6a8f3c56fbbc64410a"

libsodium-wrappers@^0.5.2:
  version "0.5.2"
  resolved "https://registry.yarnpkg.com/libsodium-wrappers/-/libsodium-wrappers-0.5.2.tgz#7f8e839ba31dd5d66c7fcf239db4d2b5f46663d7"
  dependencies:
    libsodium "0.5.2"

libsodium@0.5.2:
  version "0.5.2"
  resolved "https://registry.yarnpkg.com/libsodium/-/libsodium-0.5.2.tgz#e0dc0494e1de38a19bd3e02d2510e131220bda8a"

linked-list@0.1.0:
  version "0.1.0"
  resolved "https://registry.yarnpkg.com/linked-list/-/linked-list-0.1.0.tgz#798b0ff97d1b92a4fd08480f55aea4e9d49d37bf"

lodash@^4.17.4:
  version "4.17.4"
  resolved "https://registry.yarnpkg.com/lodash/-/lodash-4.17.4.tgz#78203a4d1c328ae1d86dca6460e369b57f4055ae"

querystring@0.2.0:
  version "0.2.0"
  resolved "https://registry.yarnpkg.com/querystring/-/querystring-0.2.0.tgz#b209849203bb25df820da756e747005878521620"

safe-buffer@~5.0.1:
  version "5.0.1"
  resolved "https://registry.yarnpkg.com/safe-buffer/-/safe-buffer-5.0.1.tgz#d263ca54696cd8a306b5ca6551e92de57918fbe7"

sc-channel@~1.0.6:
  version "1.0.6"
  resolved "https://registry.yarnpkg.com/sc-channel/-/sc-channel-1.0.6.tgz#b38bd47a993e78290fbc53467867f6b2a0a08639"
  dependencies:
    sc-emitter "1.x.x"

sc-emitter@1.x.x, sc-emitter@~1.1.0:
  version "1.1.0"
  resolved "https://registry.yarnpkg.com/sc-emitter/-/sc-emitter-1.1.0.tgz#ef119d4222f4c64f887b486964ef11116cdd0e75"
  dependencies:
    component-emitter "1.2.0"

sc-errors@~1.3.3:
  version "1.3.3"
  resolved "https://registry.yarnpkg.com/sc-errors/-/sc-errors-1.3.3.tgz#c00bc4c766a970cc8d5937d08cd58e931d7dae05"

sc-formatter@~3.0.0:
  version "3.0.0"
  resolved "https://registry.yarnpkg.com/sc-formatter/-/sc-formatter-3.0.0.tgz#c91b1fe56c260abd5a6a2e6af98c724bc7998a38"

sha256@^0.2.0:
  version "0.2.0"
  resolved "https://registry.yarnpkg.com/sha256/-/sha256-0.2.0.tgz#73a0b418daab7035bff86e8491e363412fc2ab05"
  dependencies:
    convert-hex "~0.1.0"
    convert-string "~0.1.0"

socketcluster-client@^6.3.0:
  version "6.3.0"
  resolved "https://registry.yarnpkg.com/socketcluster-client/-/socketcluster-client-6.3.0.tgz#7b684ab222414529e00acfb656174f4a3bc0cf9e"
  dependencies:
    base-64 "0.1.0"
    clone "2.1.1"
    linked-list "0.1.0"
    querystring "0.2.0"
    sc-channel "~1.0.6"
    sc-emitter "~1.1.0"
    sc-errors "~1.3.3"
    sc-formatter "~3.0.0"
    ws "3.0.0"

ultron@~1.1.0:
  version "1.1.0"
  resolved "https://registry.yarnpkg.com/ultron/-/ultron-1.1.0.tgz#b07a2e6a541a815fc6a34ccd4533baec307ca864"

ws@3.0.0:
  version "3.0.0"
  resolved "https://registry.yarnpkg.com/ws/-/ws-3.0.0.tgz#98ddb00056c8390cb751e7788788497f99103b6c"
  dependencies:
    safe-buffer "~5.0.1"
    ultron "~1.1.0"
